
Microsoft Visual Studio Solution File, Format Version 12.00
# Visual Studio Version 17
VisualStudioVersion = 17.7.34024.191
MinimumVisualStudioVersion = 10.0.40219.1
Project("{FAE04EC0-301F-11D3-BF4B-00C04F79EFBC}") = "ежедневничек", "ежедневничек\ежедневничек.csproj", "{2AE38F9D-A0C0-4D2B-B547-96A900F2B533}"
EndProject
Global
	GlobalSection(SolutionConfigurationPlatforms) = preSolution
		Debug|Any CPU = Debug|Any CPU
		Release|Any CPU = Release|Any CPU
	EndGlobalSection
	GlobalSection(ProjectConfigurationPlatforms) = postSolution
		{2AE38F9D-A0C0-4D2B-B547-96A900F2B533}.Debug|Any CPU.ActiveCfg = Debug|Any CPU
		{2AE38F9D-A0C0-4D2B-B547-96A900F2B533}.Debug|Any CPU.Build.0 = Debug|Any CPU
		{2AE38F9D-A0C0-4D2B-B547-96A900F2B533}.Release|Any CPU.ActiveCfg = Release|Any CPU
		{2AE38F9D-A0C0-4D2B-B547-96A900F2B533}.Release|Any CPU.Build.0 = Release|Any CPU
	EndGlobalSection
	GlobalSection(SolutionProperties) = preSolution
		HideSolutionNode = FALSE
	EndGlobalSection
	GlobalSection(ExtensibilityGlobals) = postSolution
		SolutionGuid = {8362E2B5-CCE4-4A04-86F7-263B03F0E04E}
	EndGlobalSection
EndGlobal
