
Microsoft Visual Studio Solution File, Format Version 12.00
# Visual Studio Version 17
VisualStudioVersion = 17.7.34024.191
MinimumVisualStudioVersion = 10.0.40219.1
Project("{FAE04EC0-301F-11D3-BF4B-00C04F79EFBC}") = "Калькуляторка", "Калькуляторка\Калькуляторка.csproj", "{916640FA-2BDE-484D-8C5D-B1546A18B87B}"
EndProject
Global
	GlobalSection(SolutionConfigurationPlatforms) = preSolution
		Debug|Any CPU = Debug|Any CPU
		Release|Any CPU = Release|Any CPU
	EndGlobalSection
	GlobalSection(ProjectConfigurationPlatforms) = postSolution
		{916640FA-2BDE-484D-8C5D-B1546A18B87B}.Debug|Any CPU.ActiveCfg = Debug|Any CPU
		{916640FA-2BDE-484D-8C5D-B1546A18B87B}.Debug|Any CPU.Build.0 = Debug|Any CPU
		{916640FA-2BDE-484D-8C5D-B1546A18B87B}.Release|Any CPU.ActiveCfg = Release|Any CPU
		{916640FA-2BDE-484D-8C5D-B1546A18B87B}.Release|Any CPU.Build.0 = Release|Any CPU
	EndGlobalSection
	GlobalSection(SolutionProperties) = preSolution
		HideSolutionNode = FALSE
	EndGlobalSection
	GlobalSection(ExtensibilityGlobals) = postSolution
		SolutionGuid = {5989D1BB-0EC1-431A-91AB-0FB2A05A6E56}
	EndGlobalSection
EndGlobal
